
Microsoft Visual Studio Solution File, Format Version 12.00
# Visual Studio Version 17
VisualStudioVersion = 17.4.33205.214
MinimumVisualStudioVersion = 10.0.40219.1
Project("{9A19103F-16F7-4668-BE54-9A1E7A4F7556}") = "CRS-WebAPI", "CRS-WebAPI\CRS-WebAPI.csproj", "{99D2C28C-6EEB-422B-B2C4-248121D221A9}"
EndProject
Project("{9A19103F-16F7-4668-BE54-9A1E7A4F7556}") = "CRS-UnitTests", "CRS-UnitTests\CRS-UnitTests.csproj", "{7D0E1769-B83F-48F8-81C5-752DEA1146D0}"
EndProject
Project("{9A19103F-16F7-4668-BE54-9A1E7A4F7556}") = "CRS-Automation", "CRS-Automation\CRS-Automation.csproj", "{D7A6841C-FCF4-4848-BB53-FC4F1A034CAA}"
EndProject
Project("{9A19103F-16F7-4668-BE54-9A1E7A4F7556}") = "CRS-DAO", "CRS-DAO\CRS-DAO.csproj", "{BC76040D-7319-42BD-A9A5-AF30C6D76D4C}"
EndProject
Project("{9A19103F-16F7-4668-BE54-9A1E7A4F7556}") = "CRS-MODELS", "CRS-MODELS\CRS-MODELS.csproj", "{E82B9D95-E72C-4547-81CE-14869D155F31}"
EndProject
Project("{9A19103F-16F7-4668-BE54-9A1E7A4F7556}") = "CRS-DTOS", "CRS-DTOS\CRS-DTOS.csproj", "{58208E94-1F98-4F9F-A6CC-E9A4251C3F9F}"
EndProject
Project("{9A19103F-16F7-4668-BE54-9A1E7A4F7556}") = "CRS-BUSINESS", "CRS-BUSINESS\CRS-BUSINESS.csproj", "{CE72566D-15C8-4546-8D11-36914E2FAA47}"
EndProject
Project("{FAE04EC0-301F-11D3-BF4B-00C04F79EFBC}") = "CRS-COMMON", "CRS-COMMON\CRS-COMMON.csproj", "{C55DEDEF-6876-4A43-8752-F430EB9A034F}"
EndProject
Project("{FAE04EC0-301F-11D3-BF4B-00C04F79EFBC}") = "CRS-HANGFIRE", "CRS-HANGFIRE\CRS-HANGFIRE.csproj", "{CB317153-8D70-48D7-B7A7-406563918FB6}"
EndProject
Project("{FAE04EC0-301F-11D3-BF4B-00C04F79EFBC}") = "CRS-KAFKA", "CRS-KAFKA\CRS-KAFKA.csproj", "{2022A30B-B241-47DA-90E7-A85B243993BF}"
EndProject
Project("{FAE04EC0-301F-11D3-BF4B-00C04F79EFBC}") = "CRS-AWS", "CRS-AWS\CRS-AWS.csproj", "{AD3DF8D3-CE3A-4041-BC59-0E77ABF5CE50}"
EndProject
Global
	GlobalSection(SolutionConfigurationPlatforms) = preSolution
		Debug|Any CPU = Debug|Any CPU
		Release|Any CPU = Release|Any CPU
	EndGlobalSection
	GlobalSection(ProjectConfigurationPlatforms) = postSolution
		{99D2C28C-6EEB-422B-B2C4-248121D221A9}.Debug|Any CPU.ActiveCfg = Debug|Any CPU
		{99D2C28C-6EEB-422B-B2C4-248121D221A9}.Debug|Any CPU.Build.0 = Debug|Any CPU
		{99D2C28C-6EEB-422B-B2C4-248121D221A9}.Release|Any CPU.ActiveCfg = Release|Any CPU
		{99D2C28C-6EEB-422B-B2C4-248121D221A9}.Release|Any CPU.Build.0 = Release|Any CPU
		{7D0E1769-B83F-48F8-81C5-752DEA1146D0}.Debug|Any CPU.ActiveCfg = Debug|Any CPU
		{7D0E1769-B83F-48F8-81C5-752DEA1146D0}.Debug|Any CPU.Build.0 = Debug|Any CPU
		{7D0E1769-B83F-48F8-81C5-752DEA1146D0}.Release|Any CPU.ActiveCfg = Release|Any CPU
		{7D0E1769-B83F-48F8-81C5-752DEA1146D0}.Release|Any CPU.Build.0 = Release|Any CPU
		{D7A6841C-FCF4-4848-BB53-FC4F1A034CAA}.Debug|Any CPU.ActiveCfg = Debug|Any CPU
		{D7A6841C-FCF4-4848-BB53-FC4F1A034CAA}.Debug|Any CPU.Build.0 = Debug|Any CPU
		{D7A6841C-FCF4-4848-BB53-FC4F1A034CAA}.Release|Any CPU.ActiveCfg = Release|Any CPU
		{D7A6841C-FCF4-4848-BB53-FC4F1A034CAA}.Release|Any CPU.Build.0 = Release|Any CPU
		{BC76040D-7319-42BD-A9A5-AF30C6D76D4C}.Debug|Any CPU.ActiveCfg = Debug|Any CPU
		{BC76040D-7319-42BD-A9A5-AF30C6D76D4C}.Debug|Any CPU.Build.0 = Debug|Any CPU
		{BC76040D-7319-42BD-A9A5-AF30C6D76D4C}.Release|Any CPU.ActiveCfg = Release|Any CPU
		{BC76040D-7319-42BD-A9A5-AF30C6D76D4C}.Release|Any CPU.Build.0 = Release|Any CPU
		{E82B9D95-E72C-4547-81CE-14869D155F31}.Debug|Any CPU.ActiveCfg = Debug|Any CPU
		{E82B9D95-E72C-4547-81CE-14869D155F31}.Debug|Any CPU.Build.0 = Debug|Any CPU
		{E82B9D95-E72C-4547-81CE-14869D155F31}.Release|Any CPU.ActiveCfg = Release|Any CPU
		{E82B9D95-E72C-4547-81CE-14869D155F31}.Release|Any CPU.Build.0 = Release|Any CPU
		{58208E94-1F98-4F9F-A6CC-E9A4251C3F9F}.Debug|Any CPU.ActiveCfg = Debug|Any CPU
		{58208E94-1F98-4F9F-A6CC-E9A4251C3F9F}.Debug|Any CPU.Build.0 = Debug|Any CPU
		{58208E94-1F98-4F9F-A6CC-E9A4251C3F9F}.Release|Any CPU.ActiveCfg = Release|Any CPU
		{58208E94-1F98-4F9F-A6CC-E9A4251C3F9F}.Release|Any CPU.Build.0 = Release|Any CPU
		{CE72566D-15C8-4546-8D11-36914E2FAA47}.Debug|Any CPU.ActiveCfg = Debug|Any CPU
		{CE72566D-15C8-4546-8D11-36914E2FAA47}.Debug|Any CPU.Build.0 = Debug|Any CPU
		{CE72566D-15C8-4546-8D11-36914E2FAA47}.Release|Any CPU.ActiveCfg = Release|Any CPU
		{CE72566D-15C8-4546-8D11-36914E2FAA47}.Release|Any CPU.Build.0 = Release|Any CPU
		{C55DEDEF-6876-4A43-8752-F430EB9A034F}.Debug|Any CPU.ActiveCfg = Debug|Any CPU
		{C55DEDEF-6876-4A43-8752-F430EB9A034F}.Debug|Any CPU.Build.0 = Debug|Any CPU
		{C55DEDEF-6876-4A43-8752-F430EB9A034F}.Release|Any CPU.ActiveCfg = Release|Any CPU
		{C55DEDEF-6876-4A43-8752-F430EB9A034F}.Release|Any CPU.Build.0 = Release|Any CPU
		{CB317153-8D70-48D7-B7A7-406563918FB6}.Debug|Any CPU.ActiveCfg = Debug|Any CPU
		{CB317153-8D70-48D7-B7A7-406563918FB6}.Debug|Any CPU.Build.0 = Debug|Any CPU
		{CB317153-8D70-48D7-B7A7-406563918FB6}.Release|Any CPU.ActiveCfg = Release|Any CPU
		{CB317153-8D70-48D7-B7A7-406563918FB6}.Release|Any CPU.Build.0 = Release|Any CPU
		{2022A30B-B241-47DA-90E7-A85B243993BF}.Debug|Any CPU.ActiveCfg = Debug|Any CPU
		{2022A30B-B241-47DA-90E7-A85B243993BF}.Debug|Any CPU.Build.0 = Debug|Any CPU
		{2022A30B-B241-47DA-90E7-A85B243993BF}.Release|Any CPU.ActiveCfg = Release|Any CPU
		{2022A30B-B241-47DA-90E7-A85B243993BF}.Release|Any CPU.Build.0 = Release|Any CPU
		{AD3DF8D3-CE3A-4041-BC59-0E77ABF5CE50}.Debug|Any CPU.ActiveCfg = Debug|Any CPU
		{AD3DF8D3-CE3A-4041-BC59-0E77ABF5CE50}.Debug|Any CPU.Build.0 = Debug|Any CPU
		{AD3DF8D3-CE3A-4041-BC59-0E77ABF5CE50}.Release|Any CPU.ActiveCfg = Release|Any CPU
		{AD3DF8D3-CE3A-4041-BC59-0E77ABF5CE50}.Release|Any CPU.Build.0 = Release|Any CPU
	EndGlobalSection
	GlobalSection(SolutionProperties) = preSolution
		HideSolutionNode = FALSE
	EndGlobalSection
	GlobalSection(ExtensibilityGlobals) = postSolution
		SolutionGuid = {ABECBACB-A9C3-4327-B177-AB141923B62F}
	EndGlobalSection
EndGlobal
